
Microsoft Visual Studio Solution File, Format Version 12.00
# Visual Studio 15
VisualStudioVersion = 15.0.28307.1169
MinimumVisualStudioVersion = 10.0.40219.1
Project("{888888A0-9F3D-457C-B088-3A5042F75D52}") = "neural_network_demo", "neural_network_demo\neural_network_demo.pyproj", "{6B6EBDC3-16D0-4CD0-8630-659C8FB6BEDD}"
EndProject
Global
	GlobalSection(SolutionConfigurationPlatforms) = preSolution
		Debug|Any CPU = Debug|Any CPU
		Release|Any CPU = Release|Any CPU
	EndGlobalSection
	GlobalSection(ProjectConfigurationPlatforms) = postSolution
		{6B6EBDC3-16D0-4CD0-8630-659C8FB6BEDD}.Debug|Any CPU.ActiveCfg = Debug|Any CPU
		{6B6EBDC3-16D0-4CD0-8630-659C8FB6BEDD}.Release|Any CPU.ActiveCfg = Release|Any CPU
	EndGlobalSection
	GlobalSection(SolutionProperties) = preSolution
		HideSolutionNode = FALSE
	EndGlobalSection
	GlobalSection(ExtensibilityGlobals) = postSolution
		SolutionGuid = {DC2F1131-12DF-45F3-81CF-7FB40B0ABC06}
	EndGlobalSection
EndGlobal
